
Microsoft Visual Studio Solution File, Format Version 12.00
# Visual Studio 15
VisualStudioVersion = 15.0.28307.106
MinimumVisualStudioVersion = 10.0.40219.1
Project("{FAE04EC0-301F-11D3-BF4B-00C04F79EFBC}") = "Week1_Tutorial2_Sync Text Box", "Week1_Tutorial2_Sync Text Box\Week1_Tutorial2_Sync Text Box.csproj", "{A1D3E65F-1253-45D5-9603-DBF9E58D8792}"
EndProject
Global
	GlobalSection(SolutionConfigurationPlatforms) = preSolution
		Debug|Any CPU = Debug|Any CPU
		Release|Any CPU = Release|Any CPU
	EndGlobalSection
	GlobalSection(ProjectConfigurationPlatforms) = postSolution
		{A1D3E65F-1253-45D5-9603-DBF9E58D8792}.Debug|Any CPU.ActiveCfg = Debug|Any CPU
		{A1D3E65F-1253-45D5-9603-DBF9E58D8792}.Debug|Any CPU.Build.0 = Debug|Any CPU
		{A1D3E65F-1253-45D5-9603-DBF9E58D8792}.Release|Any CPU.ActiveCfg = Release|Any CPU
		{A1D3E65F-1253-45D5-9603-DBF9E58D8792}.Release|Any CPU.Build.0 = Release|Any CPU
	EndGlobalSection
	GlobalSection(SolutionProperties) = preSolution
		HideSolutionNode = FALSE
	EndGlobalSection
	GlobalSection(ExtensibilityGlobals) = postSolution
		SolutionGuid = {5D8992B8-CF3C-49F2-9F7D-CB53A8CAC6AE}
	EndGlobalSection
EndGlobal
