
Microsoft Visual Studio Solution File, Format Version 12.00
# Visual Studio 15
VisualStudioVersion = 15.0.28307.106
MinimumVisualStudioVersion = 10.0.40219.1
Project("{FAE04EC0-301F-11D3-BF4B-00C04F79EFBC}") = "Week3_Tutorial2_Brush and Text Output", "Week3_Tutorial2_Brush and Text Output\Week3_Tutorial2_Brush and Text Output.csproj", "{C2D59FE2-A9F3-44AE-93F4-3790A137F8C3}"
EndProject
Global
	GlobalSection(SolutionConfigurationPlatforms) = preSolution
		Debug|Any CPU = Debug|Any CPU
		Release|Any CPU = Release|Any CPU
	EndGlobalSection
	GlobalSection(ProjectConfigurationPlatforms) = postSolution
		{C2D59FE2-A9F3-44AE-93F4-3790A137F8C3}.Debug|Any CPU.ActiveCfg = Debug|Any CPU
		{C2D59FE2-A9F3-44AE-93F4-3790A137F8C3}.Debug|Any CPU.Build.0 = Debug|Any CPU
		{C2D59FE2-A9F3-44AE-93F4-3790A137F8C3}.Release|Any CPU.ActiveCfg = Release|Any CPU
		{C2D59FE2-A9F3-44AE-93F4-3790A137F8C3}.Release|Any CPU.Build.0 = Release|Any CPU
	EndGlobalSection
	GlobalSection(SolutionProperties) = preSolution
		HideSolutionNode = FALSE
	EndGlobalSection
	GlobalSection(ExtensibilityGlobals) = postSolution
		SolutionGuid = {115D0C40-7059-4382-A871-CB8A0C9F4AC4}
	EndGlobalSection
EndGlobal
