
Microsoft Visual Studio Solution File, Format Version 12.00
# Visual Studio 15
VisualStudioVersion = 15.0.28307.106
MinimumVisualStudioVersion = 10.0.40219.1
Project("{FAE04EC0-301F-11D3-BF4B-00C04F79EFBC}") = "GradeBook", "GradeBook\GradeBook.csproj", "{BC51513A-DE54-4DB8-AC0E-0BAED8263C58}"
EndProject
Global
	GlobalSection(SolutionConfigurationPlatforms) = preSolution
		Debug|Any CPU = Debug|Any CPU
		Release|Any CPU = Release|Any CPU
	EndGlobalSection
	GlobalSection(ProjectConfigurationPlatforms) = postSolution
		{BC51513A-DE54-4DB8-AC0E-0BAED8263C58}.Debug|Any CPU.ActiveCfg = Debug|Any CPU
		{BC51513A-DE54-4DB8-AC0E-0BAED8263C58}.Debug|Any CPU.Build.0 = Debug|Any CPU
		{BC51513A-DE54-4DB8-AC0E-0BAED8263C58}.Release|Any CPU.ActiveCfg = Release|Any CPU
		{BC51513A-DE54-4DB8-AC0E-0BAED8263C58}.Release|Any CPU.Build.0 = Release|Any CPU
	EndGlobalSection
	GlobalSection(SolutionProperties) = preSolution
		HideSolutionNode = FALSE
	EndGlobalSection
	GlobalSection(ExtensibilityGlobals) = postSolution
		SolutionGuid = {CB679BBC-1871-4AF0-A14D-ED7307753397}
	EndGlobalSection
EndGlobal
