
Microsoft Visual Studio Solution File, Format Version 12.00
# Visual Studio 15
VisualStudioVersion = 15.0.28307.106
MinimumVisualStudioVersion = 10.0.40219.1
Project("{FAE04EC0-301F-11D3-BF4B-00C04F79EFBC}") = "Week2_Exam2_Word Document Search", "Week2_Exam2_Word Document Search\Week2_Exam2_Word Document Search.csproj", "{D963BF5F-35EC-4699-BD56-CF00E2C4B3E9}"
EndProject
Global
	GlobalSection(SolutionConfigurationPlatforms) = preSolution
		Debug|Any CPU = Debug|Any CPU
		Release|Any CPU = Release|Any CPU
	EndGlobalSection
	GlobalSection(ProjectConfigurationPlatforms) = postSolution
		{D963BF5F-35EC-4699-BD56-CF00E2C4B3E9}.Debug|Any CPU.ActiveCfg = Debug|Any CPU
		{D963BF5F-35EC-4699-BD56-CF00E2C4B3E9}.Debug|Any CPU.Build.0 = Debug|Any CPU
		{D963BF5F-35EC-4699-BD56-CF00E2C4B3E9}.Release|Any CPU.ActiveCfg = Release|Any CPU
		{D963BF5F-35EC-4699-BD56-CF00E2C4B3E9}.Release|Any CPU.Build.0 = Release|Any CPU
	EndGlobalSection
	GlobalSection(SolutionProperties) = preSolution
		HideSolutionNode = FALSE
	EndGlobalSection
	GlobalSection(ExtensibilityGlobals) = postSolution
		SolutionGuid = {D26ADB39-CAAF-45F5-A5A8-6ECCA105E9BC}
	EndGlobalSection
EndGlobal
