
Microsoft Visual Studio Solution File, Format Version 12.00
# Visual Studio 15
VisualStudioVersion = 15.0.28307.106
MinimumVisualStudioVersion = 10.0.40219.1
Project("{FAE04EC0-301F-11D3-BF4B-00C04F79EFBC}") = "Week2_Exam1_Traffic Light", "Week2_Exam1_Traffic Light\Week2_Exam1_Traffic Light.csproj", "{A48CB72F-4498-4A1A-B1F7-28CF3F38FCCE}"
EndProject
Global
	GlobalSection(SolutionConfigurationPlatforms) = preSolution
		Debug|Any CPU = Debug|Any CPU
		Release|Any CPU = Release|Any CPU
	EndGlobalSection
	GlobalSection(ProjectConfigurationPlatforms) = postSolution
		{A48CB72F-4498-4A1A-B1F7-28CF3F38FCCE}.Debug|Any CPU.ActiveCfg = Debug|Any CPU
		{A48CB72F-4498-4A1A-B1F7-28CF3F38FCCE}.Debug|Any CPU.Build.0 = Debug|Any CPU
		{A48CB72F-4498-4A1A-B1F7-28CF3F38FCCE}.Release|Any CPU.ActiveCfg = Release|Any CPU
		{A48CB72F-4498-4A1A-B1F7-28CF3F38FCCE}.Release|Any CPU.Build.0 = Release|Any CPU
	EndGlobalSection
	GlobalSection(SolutionProperties) = preSolution
		HideSolutionNode = FALSE
	EndGlobalSection
	GlobalSection(ExtensibilityGlobals) = postSolution
		SolutionGuid = {5D9E9BE2-C297-4FBE-97B8-7CFA11EC594B}
	EndGlobalSection
EndGlobal
