
Microsoft Visual Studio Solution File, Format Version 12.00
# Visual Studio 15
VisualStudioVersion = 15.0.28307.106
MinimumVisualStudioVersion = 10.0.40219.1
Project("{FAE04EC0-301F-11D3-BF4B-00C04F79EFBC}") = "Week2_Tutorial6_List Box", "Week2_Tutorial6_List Box\Week2_Tutorial6_List Box.csproj", "{287939E1-39AA-453F-8B6D-AE0EC7D18319}"
EndProject
Global
	GlobalSection(SolutionConfigurationPlatforms) = preSolution
		Debug|Any CPU = Debug|Any CPU
		Release|Any CPU = Release|Any CPU
	EndGlobalSection
	GlobalSection(ProjectConfigurationPlatforms) = postSolution
		{287939E1-39AA-453F-8B6D-AE0EC7D18319}.Debug|Any CPU.ActiveCfg = Debug|Any CPU
		{287939E1-39AA-453F-8B6D-AE0EC7D18319}.Debug|Any CPU.Build.0 = Debug|Any CPU
		{287939E1-39AA-453F-8B6D-AE0EC7D18319}.Release|Any CPU.ActiveCfg = Release|Any CPU
		{287939E1-39AA-453F-8B6D-AE0EC7D18319}.Release|Any CPU.Build.0 = Release|Any CPU
	EndGlobalSection
	GlobalSection(SolutionProperties) = preSolution
		HideSolutionNode = FALSE
	EndGlobalSection
	GlobalSection(ExtensibilityGlobals) = postSolution
		SolutionGuid = {8F9D909B-9CA0-4F5F-AC9E-8BE3E3773B66}
	EndGlobalSection
EndGlobal
