
Microsoft Visual Studio Solution File, Format Version 12.00
# Visual Studio 15
VisualStudioVersion = 15.0.28307.106
MinimumVisualStudioVersion = 10.0.40219.1
Project("{FAE04EC0-301F-11D3-BF4B-00C04F79EFBC}") = "Week3_Exam2_Drawing Oval", "Week3_Exam2_Drawing Oval\Week3_Exam2_Drawing Oval.csproj", "{24B3EC38-26B2-4E76-8CE9-111D329FB7ED}"
EndProject
Global
	GlobalSection(SolutionConfigurationPlatforms) = preSolution
		Debug|Any CPU = Debug|Any CPU
		Release|Any CPU = Release|Any CPU
	EndGlobalSection
	GlobalSection(ProjectConfigurationPlatforms) = postSolution
		{24B3EC38-26B2-4E76-8CE9-111D329FB7ED}.Debug|Any CPU.ActiveCfg = Debug|Any CPU
		{24B3EC38-26B2-4E76-8CE9-111D329FB7ED}.Debug|Any CPU.Build.0 = Debug|Any CPU
		{24B3EC38-26B2-4E76-8CE9-111D329FB7ED}.Release|Any CPU.ActiveCfg = Release|Any CPU
		{24B3EC38-26B2-4E76-8CE9-111D329FB7ED}.Release|Any CPU.Build.0 = Release|Any CPU
	EndGlobalSection
	GlobalSection(SolutionProperties) = preSolution
		HideSolutionNode = FALSE
	EndGlobalSection
	GlobalSection(ExtensibilityGlobals) = postSolution
		SolutionGuid = {454A2931-BFAB-41FC-95FA-E2E39A6502ED}
	EndGlobalSection
EndGlobal
