
Microsoft Visual Studio Solution File, Format Version 12.00
# Visual Studio 15
VisualStudioVersion = 15.0.28307.106
MinimumVisualStudioVersion = 10.0.40219.1
Project("{FAE04EC0-301F-11D3-BF4B-00C04F79EFBC}") = "Week3_Exam", "Week3_Exam\Week3_Exam.csproj", "{F48F67F5-DD77-4BE1-B75F-B801CD450855}"
EndProject
Global
	GlobalSection(SolutionConfigurationPlatforms) = preSolution
		Debug|Any CPU = Debug|Any CPU
		Release|Any CPU = Release|Any CPU
	EndGlobalSection
	GlobalSection(ProjectConfigurationPlatforms) = postSolution
		{F48F67F5-DD77-4BE1-B75F-B801CD450855}.Debug|Any CPU.ActiveCfg = Debug|Any CPU
		{F48F67F5-DD77-4BE1-B75F-B801CD450855}.Debug|Any CPU.Build.0 = Debug|Any CPU
		{F48F67F5-DD77-4BE1-B75F-B801CD450855}.Release|Any CPU.ActiveCfg = Release|Any CPU
		{F48F67F5-DD77-4BE1-B75F-B801CD450855}.Release|Any CPU.Build.0 = Release|Any CPU
	EndGlobalSection
	GlobalSection(SolutionProperties) = preSolution
		HideSolutionNode = FALSE
	EndGlobalSection
	GlobalSection(ExtensibilityGlobals) = postSolution
		SolutionGuid = {33FB8FF4-90C2-4693-A2AC-2CC1B5B9DC47}
	EndGlobalSection
EndGlobal
