
Microsoft Visual Studio Solution File, Format Version 12.00
# Visual Studio 15
VisualStudioVersion = 15.0.28307.106
MinimumVisualStudioVersion = 10.0.40219.1
Project("{FAE04EC0-301F-11D3-BF4B-00C04F79EFBC}") = "Week3_Tutorial7_Chatbox", "Week3_Tutorial7_Chatbox\Week3_Tutorial7_Chatbox.csproj", "{B03E83A9-BE6C-4290-8305-E0F8D0856AFB}"
EndProject
Global
	GlobalSection(SolutionConfigurationPlatforms) = preSolution
		Debug|Any CPU = Debug|Any CPU
		Release|Any CPU = Release|Any CPU
	EndGlobalSection
	GlobalSection(ProjectConfigurationPlatforms) = postSolution
		{B03E83A9-BE6C-4290-8305-E0F8D0856AFB}.Debug|Any CPU.ActiveCfg = Debug|Any CPU
		{B03E83A9-BE6C-4290-8305-E0F8D0856AFB}.Debug|Any CPU.Build.0 = Debug|Any CPU
		{B03E83A9-BE6C-4290-8305-E0F8D0856AFB}.Release|Any CPU.ActiveCfg = Release|Any CPU
		{B03E83A9-BE6C-4290-8305-E0F8D0856AFB}.Release|Any CPU.Build.0 = Release|Any CPU
	EndGlobalSection
	GlobalSection(SolutionProperties) = preSolution
		HideSolutionNode = FALSE
	EndGlobalSection
	GlobalSection(ExtensibilityGlobals) = postSolution
		SolutionGuid = {7680F74C-E93E-489C-A74C-CB5D3A6948B8}
	EndGlobalSection
EndGlobal
