
Microsoft Visual Studio Solution File, Format Version 12.00
# Visual Studio 15
VisualStudioVersion = 15.0.28307.106
MinimumVisualStudioVersion = 10.0.40219.1
Project("{FAE04EC0-301F-11D3-BF4B-00C04F79EFBC}") = "Week1_Exam3_Changing the place", "Week1_Exam3_Changing the place\Week1_Exam3_Changing the place.csproj", "{7FA0D954-43EA-430A-8D7A-06A2721D33BF}"
EndProject
Global
	GlobalSection(SolutionConfigurationPlatforms) = preSolution
		Debug|Any CPU = Debug|Any CPU
		Release|Any CPU = Release|Any CPU
	EndGlobalSection
	GlobalSection(ProjectConfigurationPlatforms) = postSolution
		{7FA0D954-43EA-430A-8D7A-06A2721D33BF}.Debug|Any CPU.ActiveCfg = Debug|Any CPU
		{7FA0D954-43EA-430A-8D7A-06A2721D33BF}.Debug|Any CPU.Build.0 = Debug|Any CPU
		{7FA0D954-43EA-430A-8D7A-06A2721D33BF}.Release|Any CPU.ActiveCfg = Release|Any CPU
		{7FA0D954-43EA-430A-8D7A-06A2721D33BF}.Release|Any CPU.Build.0 = Release|Any CPU
	EndGlobalSection
	GlobalSection(SolutionProperties) = preSolution
		HideSolutionNode = FALSE
	EndGlobalSection
	GlobalSection(ExtensibilityGlobals) = postSolution
		SolutionGuid = {21B53FED-3EC0-4BC1-81E7-EF284AB19EE3}
	EndGlobalSection
EndGlobal
